
Microsoft Visual Studio Solution File, Format Version 12.00
# Visual Studio Version 17
VisualStudioVersion = 17.8.34525.116
MinimumVisualStudioVersion = 10.0.40219.1
Project("{9A19103F-16F7-4668-BE54-9A1E7A4F7556}") = "StorageService", "StorageService\StorageService.csproj", "{73135B8F-F428-4438-812C-6CD6A76F081A}"
EndProject
Global
	GlobalSection(SolutionConfigurationPlatforms) = preSolution
		Debug|Any CPU = Debug|Any CPU
		Release|Any CPU = Release|Any CPU
	EndGlobalSection
	GlobalSection(ProjectConfigurationPlatforms) = postSolution
		{73135B8F-F428-4438-812C-6CD6A76F081A}.Debug|Any CPU.ActiveCfg = Debug|Any CPU
		{73135B8F-F428-4438-812C-6CD6A76F081A}.Debug|Any CPU.Build.0 = Debug|Any CPU
		{73135B8F-F428-4438-812C-6CD6A76F081A}.Release|Any CPU.ActiveCfg = Release|Any CPU
		{73135B8F-F428-4438-812C-6CD6A76F081A}.Release|Any CPU.Build.0 = Release|Any CPU
	EndGlobalSection
	GlobalSection(SolutionProperties) = preSolution
		HideSolutionNode = FALSE
	EndGlobalSection
	GlobalSection(ExtensibilityGlobals) = postSolution
		SolutionGuid = {397EF709-D604-4C20-A916-79677916B554}
	EndGlobalSection
EndGlobal
